
Microsoft Visual Studio Solution File, Format Version 12.00
# Visual Studio Version 16
VisualStudioVersion = 16.0.30717.126
MinimumVisualStudioVersion = 10.0.40219.1
Project("{FAE04EC0-301F-11D3-BF4B-00C04F79EFBC}") = "Facturacion", "Facturacion\Facturacion.csproj", "{43E67C07-BB90-4E82-9569-E002DF78243C}"
EndProject
Global
	GlobalSection(SolutionConfigurationPlatforms) = preSolution
		Debug|Any CPU = Debug|Any CPU
		Release|Any CPU = Release|Any CPU
	EndGlobalSection
	GlobalSection(ProjectConfigurationPlatforms) = postSolution
		{43E67C07-BB90-4E82-9569-E002DF78243C}.Debug|Any CPU.ActiveCfg = Debug|Any CPU
		{43E67C07-BB90-4E82-9569-E002DF78243C}.Debug|Any CPU.Build.0 = Debug|Any CPU
		{43E67C07-BB90-4E82-9569-E002DF78243C}.Release|Any CPU.ActiveCfg = Release|Any CPU
		{43E67C07-BB90-4E82-9569-E002DF78243C}.Release|Any CPU.Build.0 = Release|Any CPU
	EndGlobalSection
	GlobalSection(SolutionProperties) = preSolution
		HideSolutionNode = FALSE
	EndGlobalSection
	GlobalSection(ExtensibilityGlobals) = postSolution
		SolutionGuid = {1B22763E-D9BE-46CC-96FA-A648EB7952EB}
	EndGlobalSection
EndGlobal
